
Microsoft Visual Studio Solution File, Format Version 12.00
# Visual Studio Version 17
VisualStudioVersion = 17.14.36811.4 d17.14
MinimumVisualStudioVersion = 10.0.40219.1
Project("{FAE04EC0-301F-11D3-BF4B-00C04F79EFBC}") = "ShearwaterDiveLogExporter", "ShearwaterDiveLogExporter\ShearwaterDiveLogExporter.csproj", "{5771D539-B568-4FE6-AC34-6D21C1F6800A}"
EndProject
Global
	GlobalSection(SolutionConfigurationPlatforms) = preSolution
		Debug|Any CPU = Debug|Any CPU
		Release|Any CPU = Release|Any CPU
	EndGlobalSection
	GlobalSection(ProjectConfigurationPlatforms) = postSolution
		{5771D539-B568-4FE6-AC34-6D21C1F6800A}.Debug|Any CPU.ActiveCfg = Debug|Any CPU
		{5771D539-B568-4FE6-AC34-6D21C1F6800A}.Debug|Any CPU.Build.0 = Debug|Any CPU
		{5771D539-B568-4FE6-AC34-6D21C1F6800A}.Release|Any CPU.ActiveCfg = Release|Any CPU
		{5771D539-B568-4FE6-AC34-6D21C1F6800A}.Release|Any CPU.Build.0 = Release|Any CPU
	EndGlobalSection
	GlobalSection(SolutionProperties) = preSolution
		HideSolutionNode = FALSE
	EndGlobalSection
	GlobalSection(ExtensibilityGlobals) = postSolution
		SolutionGuid = {34AA4338-BE2D-4B06-8463-CAB293860BCE}
	EndGlobalSection
EndGlobal
